
Microsoft Visual Studio Solution File, Format Version 12.00
# Visual Studio 15
Project("{FAE04EC0-301F-11D3-BF4B-00C04F79EFBC}") = "OperatorExercise", "OperatorExercise\OperatorExercise.csproj", "{11392886-A6C5-4686-BE9E-AB2D4366DEE2}"
EndProject
Global
	GlobalSection(SolutionConfigurationPlatforms) = preSolution
		Debug|Any CPU = Debug|Any CPU
		Release|Any CPU = Release|Any CPU
	EndGlobalSection
	GlobalSection(ProjectConfigurationPlatforms) = postSolution
		{11392886-A6C5-4686-BE9E-AB2D4366DEE2}.Debug|Any CPU.ActiveCfg = Debug|Any CPU
		{11392886-A6C5-4686-BE9E-AB2D4366DEE2}.Debug|Any CPU.Build.0 = Debug|Any CPU
		{11392886-A6C5-4686-BE9E-AB2D4366DEE2}.Release|Any CPU.ActiveCfg = Release|Any CPU
		{11392886-A6C5-4686-BE9E-AB2D4366DEE2}.Release|Any CPU.Build.0 = Release|Any CPU
	EndGlobalSection
EndGlobal
